// !$*UTF8*$!
{
	archiveVersion = 1;
	classes = {
	};
	objectVersion = 50;
	objects = {

/* Begin PBXBuildFile section */
		282BE3C521DC01BE00E5E7AD /* AppDelegate.swift in Sources */ = {isa = PBXBuildFile; fileRef = 282BE3C421DC01BE00E5E7AD /* AppDelegate.swift */; };
		282BE3C721DC01BE00E5E7AD /* ViewController.swift in Sources */ = {isa = PBXBuildFile; fileRef = 282BE3C621DC01BE00E5E7AD /* ViewController.swift */; };
		282BE3CC21DC01C000E5E7AD /* Assets.xcassets in Resources */ = {isa = PBXBuildFile; fileRef = 282BE3CB21DC01C000E5E7AD /* Assets.xcassets */; };
		282BE3CF21DC01C000E5E7AD /* LaunchScreen.storyboard in Resources */ = {isa = PBXBuildFile; fileRef = 282BE3CD21DC01C000E5E7AD /* LaunchScreen.storyboard */; };
		282BE3DA21DC01C000E5E7AD /* DKVKTests.swift in Sources */ = {isa = PBXBuildFile; fileRef = 282BE3D921DC01C000E5E7AD /* DKVKTests.swift */; };
		282BE3E521DC044100E5E7AD /* ViewController.xib in Resources */ = {isa = PBXBuildFile; fileRef = 282BE3E421DC044100E5E7AD /* ViewController.xib */; };
		282BE3EC21DC08FC00E5E7AD /* Router.swift in Sources */ = {isa = PBXBuildFile; fileRef = 282BE3EB21DC08FC00E5E7AD /* Router.swift */; };
		282BE3EE21DC213500E5E7AD /* StartRouter.swift in Sources */ = {isa = PBXBuildFile; fileRef = 282BE3ED21DC213500E5E7AD /* StartRouter.swift */; };
		282BE3F721DC232100E5E7AD /* RegistrationViewController.swift in Sources */ = {isa = PBXBuildFile; fileRef = 282BE3F521DC232100E5E7AD /* RegistrationViewController.swift */; };
		282BE3F821DC232100E5E7AD /* RegistrationViewController.xib in Resources */ = {isa = PBXBuildFile; fileRef = 282BE3F621DC232100E5E7AD /* RegistrationViewController.xib */; };
		282BE3FC21DC255300E5E7AD /* PhotoView.swift in Sources */ = {isa = PBXBuildFile; fileRef = 282BE3FB21DC255300E5E7AD /* PhotoView.swift */; };
		282BE40221DC273300E5E7AD /* NibLoadable.swift in Sources */ = {isa = PBXBuildFile; fileRef = 282BE40121DC273300E5E7AD /* NibLoadable.swift */; };
		28A1D1CD21DD3B8C0036A996 /* Extension+UIView.swift in Sources */ = {isa = PBXBuildFile; fileRef = 28A1D1CC21DD3B8C0036A996 /* Extension+UIView.swift */; };
		28A1D1D121DD45750036A996 /* UserInfoTableViewCell.swift in Sources */ = {isa = PBXBuildFile; fileRef = 28A1D1CF21DD45750036A996 /* UserInfoTableViewCell.swift */; };
		28A1D1D221DD45750036A996 /* UserInfoTableViewCell.xib in Resources */ = {isa = PBXBuildFile; fileRef = 28A1D1D021DD45750036A996 /* UserInfoTableViewCell.xib */; };
		28A1D1D521DD523C0036A996 /* HeightConteiable.swift in Sources */ = {isa = PBXBuildFile; fileRef = 28A1D1D421DD523C0036A996 /* HeightConteiable.swift */; };
		28A1D1D721DD52F20036A996 /* Typealias.swift in Sources */ = {isa = PBXBuildFile; fileRef = 28A1D1D621DD52F20036A996 /* Typealias.swift */; };
		28AADF8221DF88F60007F192 /* FactoryMethod.swift in Sources */ = {isa = PBXBuildFile; fileRef = 28AADF8121DF88F60007F192 /* FactoryMethod.swift */; };
		28E05A6E21E1CD9800CA4081 /* AuthManager.swift in Sources */ = {isa = PBXBuildFile; fileRef = 28E05A6D21E1CD9800CA4081 /* AuthManager.swift */; };
		28E05A7121E1DE6000CA4081 /* Utilites.swift in Sources */ = {isa = PBXBuildFile; fileRef = 28E05A7021E1DE6000CA4081 /* Utilites.swift */; };
		28EA886921E10B9E00873B62 /* BirdsdayTableViewCell.swift in Sources */ = {isa = PBXBuildFile; fileRef = 28EA886721E10B9E00873B62 /* BirdsdayTableViewCell.swift */; };
		28EA886A21E10B9E00873B62 /* BirdsdayTableViewCell.xib in Resources */ = {isa = PBXBuildFile; fileRef = 28EA886821E10B9E00873B62 /* BirdsdayTableViewCell.xib */; };
		28EA886C21E1397B00873B62 /* RegistrModel.swift in Sources */ = {isa = PBXBuildFile; fileRef = 28EA886B21E1397B00873B62 /* RegistrModel.swift */; };
		28EA886E21E139F200873B62 /* SexModel.swift in Sources */ = {isa = PBXBuildFile; fileRef = 28EA886D21E139F200873B62 /* SexModel.swift */; };
		28EA887021E13F8400873B62 /* Extension+ViewController.swift in Sources */ = {isa = PBXBuildFile; fileRef = 28EA886F21E13F8400873B62 /* Extension+ViewController.swift */; };
		28F16A7B21DE02F500F0AE62 /* GoogleService-Info.plist in Resources */ = {isa = PBXBuildFile; fileRef = 28F16A7A21DE02F500F0AE62 /* GoogleService-Info.plist */; };
		28F16A8021DE266500F0AE62 /* MailAndPasswordView.swift in Sources */ = {isa = PBXBuildFile; fileRef = 28F16A7F21DE266500F0AE62 /* MailAndPasswordView.swift */; };
		28F16A8221DE3EAC00F0AE62 /* CellHeaderProtocol.swift in Sources */ = {isa = PBXBuildFile; fileRef = 28F16A8121DE3EAC00F0AE62 /* CellHeaderProtocol.swift */; };
		28F16A8521DE4B7900F0AE62 /* HeaderTitleView.swift in Sources */ = {isa = PBXBuildFile; fileRef = 28F16A8421DE4B7900F0AE62 /* HeaderTitleView.swift */; };
		28F16A8A21DE52EF00F0AE62 /* SegmenterTableViewCell.swift in Sources */ = {isa = PBXBuildFile; fileRef = 28F16A8821DE52EF00F0AE62 /* SegmenterTableViewCell.swift */; };
		28F16A8B21DE52EF00F0AE62 /* SegmenterTableViewCell.xib in Resources */ = {isa = PBXBuildFile; fileRef = 28F16A8921DE52EF00F0AE62 /* SegmenterTableViewCell.xib */; };
		7D369525D9250F9DEE9F22BD /* Pods_DKVK.framework in Frameworks */ = {isa = PBXBuildFile; fileRef = CFECFBCCA2CED4905501DA36 /* Pods_DKVK.framework */; };
		E059143E7552756BDFA944D0 /* Pods_DKVKTests.framework in Frameworks */ = {isa = PBXBuildFile; fileRef = 491D25B7116D80661BD7699A /* Pods_DKVKTests.framework */; };
/* End PBXBuildFile section */

/* Begin PBXContainerItemProxy section */
		282BE3D621DC01C000E5E7AD /* PBXContainerItemProxy */ = {
			isa = PBXContainerItemProxy;
			containerPortal = 282BE3B921DC01BE00E5E7AD /* Project object */;
			proxyType = 1;
			remoteGlobalIDString = 282BE3C021DC01BE00E5E7AD;
			remoteInfo = DKVK;
		};
/* End PBXContainerItemProxy section */

/* Begin PBXFileReference section */
		282BE3C121DC01BE00E5E7AD /* DKVK.app */ = {isa = PBXFileReference; explicitFileType = wrapper.application; includeInIndex = 0; path = DKVK.app; sourceTree = BUILT_PRODUCTS_DIR; };
		282BE3C421DC01BE00E5E7AD /* AppDelegate.swift */ = {isa = PBXFileReference; lastKnownFileType = sourcecode.swift; path = AppDelegate.swift; sourceTree = "<group>"; };
		282BE3C621DC01BE00E5E7AD /* ViewController.swift */ = {isa = PBXFileReference; lastKnownFileType = sourcecode.swift; path = ViewController.swift; sourceTree = "<group>"; };
		282BE3CB21DC01C000E5E7AD /* Assets.xcassets */ = {isa = PBXFileReference; lastKnownFileType = folder.assetcatalog; path = Assets.xcassets; sourceTree = "<group>"; };
		282BE3CE21DC01C000E5E7AD /* Base */ = {isa = PBXFileReference; lastKnownFileType = file.storyboard; name = Base; path = Base.lproj/LaunchScreen.storyboard; sourceTree = "<group>"; };
		282BE3D021DC01C000E5E7AD /* Info.plist */ = {isa = PBXFileReference; lastKnownFileType = text.plist.xml; path = Info.plist; sourceTree = "<group>"; };
		282BE3D521DC01C000E5E7AD /* DKVKTests.xctest */ = {isa = PBXFileReference; explicitFileType = wrapper.cfbundle; includeInIndex = 0; path = DKVKTests.xctest; sourceTree = BUILT_PRODUCTS_DIR; };
		282BE3D921DC01C000E5E7AD /* DKVKTests.swift */ = {isa = PBXFileReference; lastKnownFileType = sourcecode.swift; path = DKVKTests.swift; sourceTree = "<group>"; };
		282BE3DB21DC01C000E5E7AD /* Info.plist */ = {isa = PBXFileReference; lastKnownFileType = text.plist.xml; path = Info.plist; sourceTree = "<group>"; };
		282BE3E421DC044100E5E7AD /* ViewController.xib */ = {isa = PBXFileReference; lastKnownFileType = file.xib; path = ViewController.xib; sourceTree = "<group>"; };
		282BE3EB21DC08FC00E5E7AD /* Router.swift */ = {isa = PBXFileReference; lastKnownFileType = sourcecode.swift; path = Router.swift; sourceTree = "<group>"; };
		282BE3ED21DC213500E5E7AD /* StartRouter.swift */ = {isa = PBXFileReference; lastKnownFileType = sourcecode.swift; path = StartRouter.swift; sourceTree = "<group>"; };
		282BE3F521DC232100E5E7AD /* RegistrationViewController.swift */ = {isa = PBXFileReference; lastKnownFileType = sourcecode.swift; path = RegistrationViewController.swift; sourceTree = "<group>"; };
		282BE3F621DC232100E5E7AD /* RegistrationViewController.xib */ = {isa = PBXFileReference; lastKnownFileType = file.xib; path = RegistrationViewController.xib; sourceTree = "<group>"; };
		282BE3FB21DC255300E5E7AD /* PhotoView.swift */ = {isa = PBXFileReference; lastKnownFileType = sourcecode.swift; path = PhotoView.swift; sourceTree = "<group>"; };
		282BE40121DC273300E5E7AD /* NibLoadable.swift */ = {isa = PBXFileReference; lastKnownFileType = sourcecode.swift; path = NibLoadable.swift; sourceTree = "<group>"; };
		28A1D1CC21DD3B8C0036A996 /* Extension+UIView.swift */ = {isa = PBXFileReference; lastKnownFileType = sourcecode.swift; path = "Extension+UIView.swift"; sourceTree = "<group>"; };
		28A1D1CF21DD45750036A996 /* UserInfoTableViewCell.swift */ = {isa = PBXFileReference; lastKnownFileType = sourcecode.swift; path = UserInfoTableViewCell.swift; sourceTree = "<group>"; };
		28A1D1D021DD45750036A996 /* UserInfoTableViewCell.xib */ = {isa = PBXFileReference; lastKnownFileType = file.xib; path = UserInfoTableViewCell.xib; sourceTree = "<group>"; };
		28A1D1D421DD523C0036A996 /* HeightConteiable.swift */ = {isa = PBXFileReference; lastKnownFileType = sourcecode.swift; path = HeightConteiable.swift; sourceTree = "<group>"; };
		28A1D1D621DD52F20036A996 /* Typealias.swift */ = {isa = PBXFileReference; lastKnownFileType = sourcecode.swift; path = Typealias.swift; sourceTree = "<group>"; };
		28AADF8121DF88F60007F192 /* FactoryMethod.swift */ = {isa = PBXFileReference; lastKnownFileType = sourcecode.swift; path = FactoryMethod.swift; sourceTree = "<group>"; };
		28E05A6D21E1CD9800CA4081 /* AuthManager.swift */ = {isa = PBXFileReference; lastKnownFileType = sourcecode.swift; path = AuthManager.swift; sourceTree = "<group>"; };
		28E05A7021E1DE6000CA4081 /* Utilites.swift */ = {isa = PBXFileReference; lastKnownFileType = sourcecode.swift; path = Utilites.swift; sourceTree = "<group>"; };
		28EA886721E10B9E00873B62 /* BirdsdayTableViewCell.swift */ = {isa = PBXFileReference; lastKnownFileType = sourcecode.swift; path = BirdsdayTableViewCell.swift; sourceTree = "<group>"; };
		28EA886821E10B9E00873B62 /* BirdsdayTableViewCell.xib */ = {isa = PBXFileReference; lastKnownFileType = file.xib; path = BirdsdayTableViewCell.xib; sourceTree = "<group>"; };
		28EA886B21E1397B00873B62 /* RegistrModel.swift */ = {isa = PBXFileReference; lastKnownFileType = sourcecode.swift; path = RegistrModel.swift; sourceTree = "<group>"; };
		28EA886D21E139F200873B62 /* SexModel.swift */ = {isa = PBXFileReference; lastKnownFileType = sourcecode.swift; path = SexModel.swift; sourceTree = "<group>"; };
		28EA886F21E13F8400873B62 /* Extension+ViewController.swift */ = {isa = PBXFileReference; lastKnownFileType = sourcecode.swift; path = "Extension+ViewController.swift"; sourceTree = "<group>"; };
		28F16A7A21DE02F500F0AE62 /* GoogleService-Info.plist */ = {isa = PBXFileReference; fileEncoding = 4; lastKnownFileType = text.plist.xml; path = "GoogleService-Info.plist"; sourceTree = "<group>"; };
		28F16A7F21DE266500F0AE62 /* MailAndPasswordView.swift */ = {isa = PBXFileReference; lastKnownFileType = sourcecode.swift; path = MailAndPasswordView.swift; sourceTree = "<group>"; };
		28F16A8121DE3EAC00F0AE62 /* CellHeaderProtocol.swift */ = {isa = PBXFileReference; lastKnownFileType = sourcecode.swift; path = CellHeaderProtocol.swift; sourceTree = "<group>"; };
		28F16A8421DE4B7900F0AE62 /* HeaderTitleView.swift */ = {isa = PBXFileReference; lastKnownFileType = sourcecode.swift; path = HeaderTitleView.swift; sourceTree = "<group>"; };
		28F16A8821DE52EF00F0AE62 /* SegmenterTableViewCell.swift */ = {isa = PBXFileReference; lastKnownFileType = sourcecode.swift; path = SegmenterTableViewCell.swift; sourceTree = "<group>"; };
		28F16A8921DE52EF00F0AE62 /* SegmenterTableViewCell.xib */ = {isa = PBXFileReference; lastKnownFileType = file.xib; path = SegmenterTableViewCell.xib; sourceTree = "<group>"; };
		491D25B7116D80661BD7699A /* Pods_DKVKTests.framework */ = {isa = PBXFileReference; explicitFileType = wrapper.framework; includeInIndex = 0; path = Pods_DKVKTests.framework; sourceTree = BUILT_PRODUCTS_DIR; };
		4FD0B695D9D62350A1D70C10 /* Pods-DKVK.release.xcconfig */ = {isa = PBXFileReference; includeInIndex = 1; lastKnownFileType = text.xcconfig; name = "Pods-DKVK.release.xcconfig"; path = "Pods/Target Support Files/Pods-DKVK/Pods-DKVK.release.xcconfig"; sourceTree = "<group>"; };
		AE59A0AD94DD1B923B9624E3 /* Pods-DKVK.debug.xcconfig */ = {isa = PBXFileReference; includeInIndex = 1; lastKnownFileType = text.xcconfig; name = "Pods-DKVK.debug.xcconfig"; path = "Pods/Target Support Files/Pods-DKVK/Pods-DKVK.debug.xcconfig"; sourceTree = "<group>"; };
		CFECFBCCA2CED4905501DA36 /* Pods_DKVK.framework */ = {isa = PBXFileReference; explicitFileType = wrapper.framework; includeInIndex = 0; path = Pods_DKVK.framework; sourceTree = BUILT_PRODUCTS_DIR; };
		D8B089FF88C777CF406D0561 /* Pods-DKVKTests.release.xcconfig */ = {isa = PBXFileReference; includeInIndex = 1; lastKnownFileType = text.xcconfig; name = "Pods-DKVKTests.release.xcconfig"; path = "Pods/Target Support Files/Pods-DKVKTests/Pods-DKVKTests.release.xcconfig"; sourceTree = "<group>"; };
		DC0195DC69C5CB67B98C25FA /* Pods-DKVKTests.debug.xcconfig */ = {isa = PBXFileReference; includeInIndex = 1; lastKnownFileType = text.xcconfig; name = "Pods-DKVKTests.debug.xcconfig"; path = "Pods/Target Support Files/Pods-DKVKTests/Pods-DKVKTests.debug.xcconfig"; sourceTree = "<group>"; };
/* End PBXFileReference section */

/* Begin PBXFrameworksBuildPhase section */
		282BE3BE21DC01BE00E5E7AD /* Frameworks */ = {
			isa = PBXFrameworksBuildPhase;
			buildActionMask = 2147483647;
			files = (
				7D369525D9250F9DEE9F22BD /* Pods_DKVK.framework in Frameworks */,
			);
			runOnlyForDeploymentPostprocessing = 0;
		};
		282BE3D221DC01C000E5E7AD /* Frameworks */ = {
			isa = PBXFrameworksBuildPhase;
			buildActionMask = 2147483647;
			files = (
				E059143E7552756BDFA944D0 /* Pods_DKVKTests.framework in Frameworks */,
			);
			runOnlyForDeploymentPostprocessing = 0;
		};
/* End PBXFrameworksBuildPhase section */

/* Begin PBXGroup section */
		282BE3B821DC01BE00E5E7AD = {
			isa = PBXGroup;
			children = (
				282BE3C321DC01BE00E5E7AD /* DKVK */,
				282BE3D821DC01C000E5E7AD /* DKVKTests */,
				282BE3C221DC01BE00E5E7AD /* Products */,
				A5837D5CF20B28AEE9FB6801 /* Pods */,
				6FA0A7BF849A999EDB2E4118 /* Frameworks */,
			);
			sourceTree = "<group>";
		};
		282BE3C221DC01BE00E5E7AD /* Products */ = {
			isa = PBXGroup;
			children = (
				282BE3C121DC01BE00E5E7AD /* DKVK.app */,
				282BE3D521DC01C000E5E7AD /* DKVKTests.xctest */,
			);
			name = Products;
			sourceTree = "<group>";
		};
		282BE3C321DC01BE00E5E7AD /* DKVK */ = {
			isa = PBXGroup;
			children = (
				282BE3E621DC07F600E5E7AD /* Classes */,
				282BE3E721DC082D00E5E7AD /* Resources */,
			);
			path = DKVK;
			sourceTree = "<group>";
		};
		282BE3D821DC01C000E5E7AD /* DKVKTests */ = {
			isa = PBXGroup;
			children = (
				282BE3D921DC01C000E5E7AD /* DKVKTests.swift */,
				282BE3DB21DC01C000E5E7AD /* Info.plist */,
			);
			path = DKVKTests;
			sourceTree = "<group>";
		};
		282BE3E621DC07F600E5E7AD /* Classes */ = {
			isa = PBXGroup;
			children = (
				28E05A6F21E1DE3C00CA4081 /* Help Files */,
				282BE3C421DC01BE00E5E7AD /* AppDelegate.swift */,
				28E05A6C21E1CD7800CA4081 /* Network */,
				28A1D1D321DD4EDC0036A996 /* Models */,
				28A1D1CB21DD3B750036A996 /* Extensions */,
				282BE3FF21DC270100E5E7AD /* Protocols */,
				282BE3E821DC085D00E5E7AD /* Screens */,
				282BE3EA21DC089200E5E7AD /* Routers */,
				282BE3F921DC24EA00E5E7AD /* Custom View */,
			);
			path = Classes;
			sourceTree = "<group>";
		};
		282BE3E721DC082D00E5E7AD /* Resources */ = {
			isa = PBXGroup;
			children = (
				28F16A7A21DE02F500F0AE62 /* GoogleService-Info.plist */,
				282BE3CB21DC01C000E5E7AD /* Assets.xcassets */,
				282BE3CD21DC01C000E5E7AD /* LaunchScreen.storyboard */,
				282BE3D021DC01C000E5E7AD /* Info.plist */,
				28AADF8321DF89080007F192 /* Паттерны проектирования */,
			);
			path = Resources;
			sourceTree = "<group>";
		};
		282BE3E821DC085D00E5E7AD /* Screens */ = {
			isa = PBXGroup;
			children = (
				282BE3F021DC228E00E5E7AD /* Registration */,
				282BE3EF21DC225100E5E7AD /* Start */,
			);
			path = Screens;
			sourceTree = "<group>";
		};
		282BE3EA21DC089200E5E7AD /* Routers */ = {
			isa = PBXGroup;
			children = (
				282BE3EB21DC08FC00E5E7AD /* Router.swift */,
				282BE3ED21DC213500E5E7AD /* StartRouter.swift */,
			);
			path = Routers;
			sourceTree = "<group>";
		};
		282BE3EF21DC225100E5E7AD /* Start */ = {
			isa = PBXGroup;
			children = (
				282BE3E421DC044100E5E7AD /* ViewController.xib */,
				282BE3C621DC01BE00E5E7AD /* ViewController.swift */,
			);
			path = Start;
			sourceTree = "<group>";
		};
		282BE3F021DC228E00E5E7AD /* Registration */ = {
			isa = PBXGroup;
			children = (
				282BE3F521DC232100E5E7AD /* RegistrationViewController.swift */,
				282BE3F621DC232100E5E7AD /* RegistrationViewController.xib */,
			);
			path = Registration;
			sourceTree = "<group>";
		};
		282BE3F921DC24EA00E5E7AD /* Custom View */ = {
			isa = PBXGroup;
			children = (
				282BE3FA21DC252500E5E7AD /* AddPhotoView */,
				28F16A8321DE4B4A00F0AE62 /* Header Title View */,
				28F16A7C21DE25F600F0AE62 /* PhoneAndMailView */,
				28A1D1CE21DD452D0036A996 /* Cells */,
			);
			path = "Custom View";
			sourceTree = "<group>";
		};
		282BE3FA21DC252500E5E7AD /* AddPhotoView */ = {
			isa = PBXGroup;
			children = (
				282BE3FB21DC255300E5E7AD /* PhotoView.swift */,
			);
			path = AddPhotoView;
			sourceTree = "<group>";
		};
		282BE3FF21DC270100E5E7AD /* Protocols */ = {
			isa = PBXGroup;
			children = (
				282BE40121DC273300E5E7AD /* NibLoadable.swift */,
				28A1D1D421DD523C0036A996 /* HeightConteiable.swift */,
				28A1D1D621DD52F20036A996 /* Typealias.swift */,
				28F16A8121DE3EAC00F0AE62 /* CellHeaderProtocol.swift */,
			);
			path = Protocols;
			sourceTree = "<group>";
		};
		28A1D1CB21DD3B750036A996 /* Extensions */ = {
			isa = PBXGroup;
			children = (
				28A1D1CC21DD3B8C0036A996 /* Extension+UIView.swift */,
				28EA886F21E13F8400873B62 /* Extension+ViewController.swift */,
			);
			path = Extensions;
			sourceTree = "<group>";
		};
		28A1D1CE21DD452D0036A996 /* Cells */ = {
			isa = PBXGroup;
			children = (
				28EA886621E10B5A00873B62 /* Birdsday Cell */,
				28F16A8721DE529400F0AE62 /* Choose sex Cell */,
				28F16A8621DE527300F0AE62 /* User info Cell */,
			);
			path = Cells;
			sourceTree = "<group>";
		};
		28A1D1D321DD4EDC0036A996 /* Models */ = {
			isa = PBXGroup;
			children = (
				28EA886B21E1397B00873B62 /* RegistrModel.swift */,
				28EA886D21E139F200873B62 /* SexModel.swift */,
			);
			path = Models;
			sourceTree = "<group>";
		};
		28AADF8321DF89080007F192 /* Паттерны проектирования */ = {
			isa = PBXGroup;
			children = (
				28AADF8121DF88F60007F192 /* FactoryMethod.swift */,
			);
			path = "Паттерны проектирования";
			sourceTree = "<group>";
		};
		28E05A6C21E1CD7800CA4081 /* Network */ = {
			isa = PBXGroup;
			children = (
				28E05A6D21E1CD9800CA4081 /* AuthManager.swift */,
			);
			path = Network;
			sourceTree = "<group>";
		};
		28E05A6F21E1DE3C00CA4081 /* Help Files */ = {
			isa = PBXGroup;
			children = (
				28E05A7021E1DE6000CA4081 /* Utilites.swift */,
			);
			path = "Help Files";
			sourceTree = "<group>";
		};
		28EA886621E10B5A00873B62 /* Birdsday Cell */ = {
			isa = PBXGroup;
			children = (
				28EA886721E10B9E00873B62 /* BirdsdayTableViewCell.swift */,
				28EA886821E10B9E00873B62 /* BirdsdayTableViewCell.xib */,
			);
			path = "Birdsday Cell";
			sourceTree = "<group>";
		};
		28F16A7C21DE25F600F0AE62 /* PhoneAndMailView */ = {
			isa = PBXGroup;
			children = (
				28F16A7F21DE266500F0AE62 /* MailAndPasswordView.swift */,
			);
			path = PhoneAndMailView;
			sourceTree = "<group>";
		};
		28F16A8321DE4B4A00F0AE62 /* Header Title View */ = {
			isa = PBXGroup;
			children = (
				28F16A8421DE4B7900F0AE62 /* HeaderTitleView.swift */,
			);
			path = "Header Title View";
			sourceTree = "<group>";
		};
		28F16A8621DE527300F0AE62 /* User info Cell */ = {
			isa = PBXGroup;
			children = (
				28A1D1CF21DD45750036A996 /* UserInfoTableViewCell.swift */,
				28A1D1D021DD45750036A996 /* UserInfoTableViewCell.xib */,
			);
			path = "User info Cell";
			sourceTree = "<group>";
		};
		28F16A8721DE529400F0AE62 /* Choose sex Cell */ = {
			isa = PBXGroup;
			children = (
				28F16A8821DE52EF00F0AE62 /* SegmenterTableViewCell.swift */,
				28F16A8921DE52EF00F0AE62 /* SegmenterTableViewCell.xib */,
			);
			path = "Choose sex Cell";
			sourceTree = "<group>";
		};
		6FA0A7BF849A999EDB2E4118 /* Frameworks */ = {
			isa = PBXGroup;
			children = (
				CFECFBCCA2CED4905501DA36 /* Pods_DKVK.framework */,
				491D25B7116D80661BD7699A /* Pods_DKVKTests.framework */,
			);
			name = Frameworks;
			sourceTree = "<group>";
		};
		A5837D5CF20B28AEE9FB6801 /* Pods */ = {
			isa = PBXGroup;
			children = (
				AE59A0AD94DD1B923B9624E3 /* Pods-DKVK.debug.xcconfig */,
				4FD0B695D9D62350A1D70C10 /* Pods-DKVK.release.xcconfig */,
				DC0195DC69C5CB67B98C25FA /* Pods-DKVKTests.debug.xcconfig */,
				D8B089FF88C777CF406D0561 /* Pods-DKVKTests.release.xcconfig */,
			);
			name = Pods;
			sourceTree = "<group>";
		};
/* End PBXGroup section */

/* Begin PBXNativeTarget section */
		282BE3C021DC01BE00E5E7AD /* DKVK */ = {
			isa = PBXNativeTarget;
			buildConfigurationList = 282BE3DE21DC01C000E5E7AD /* Build configuration list for PBXNativeTarget "DKVK" */;
			buildPhases = (
				A1351E264BA7D973A19FC7FB /* [CP] Check Pods Manifest.lock */,
				282BE3BD21DC01BE00E5E7AD /* Sources */,
				282BE3BE21DC01BE00E5E7AD /* Frameworks */,
				282BE3BF21DC01BE00E5E7AD /* Resources */,
				6F6B1E304D03411EFB41A440 /* [CP] Embed Pods Frameworks */,
			);
			buildRules = (
			);
			dependencies = (
			);
			name = DKVK;
			productName = DKVK;
			productReference = 282BE3C121DC01BE00E5E7AD /* DKVK.app */;
			productType = "com.apple.product-type.application";
		};
		282BE3D421DC01C000E5E7AD /* DKVKTests */ = {
			isa = PBXNativeTarget;
			buildConfigurationList = 282BE3E121DC01C000E5E7AD /* Build configuration list for PBXNativeTarget "DKVKTests" */;
			buildPhases = (
				76588EF3A05484F01205F3E7 /* [CP] Check Pods Manifest.lock */,
				282BE3D121DC01C000E5E7AD /* Sources */,
				282BE3D221DC01C000E5E7AD /* Frameworks */,
				282BE3D321DC01C000E5E7AD /* Resources */,
			);
			buildRules = (
			);
			dependencies = (
				282BE3D721DC01C000E5E7AD /* PBXTargetDependency */,
			);
			name = DKVKTests;
			productName = DKVKTests;
			productReference = 282BE3D521DC01C000E5E7AD /* DKVKTests.xctest */;
			productType = "com.apple.product-type.bundle.unit-test";
		};
/* End PBXNativeTarget section */

/* Begin PBXProject section */
		282BE3B921DC01BE00E5E7AD /* Project object */ = {
			isa = PBXProject;
			attributes = {
				LastSwiftUpdateCheck = 1010;
				LastUpgradeCheck = 1010;
				ORGANIZATIONNAME = "Евгений Липадат";
				TargetAttributes = {
					282BE3C021DC01BE00E5E7AD = {
						CreatedOnToolsVersion = 10.1;
					};
					282BE3D421DC01C000E5E7AD = {
						CreatedOnToolsVersion = 10.1;
						TestTargetID = 282BE3C021DC01BE00E5E7AD;
					};
				};
			};
			buildConfigurationList = 282BE3BC21DC01BE00E5E7AD /* Build configuration list for PBXProject "DKVK" */;
			compatibilityVersion = "Xcode 9.3";
			developmentRegion = en;
			hasScannedForEncodings = 0;
			knownRegions = (
				en,
				Base,
			);
			mainGroup = 282BE3B821DC01BE00E5E7AD;
			productRefGroup = 282BE3C221DC01BE00E5E7AD /* Products */;
			projectDirPath = "";
			projectRoot = "";
			targets = (
				282BE3C021DC01BE00E5E7AD /* DKVK */,
				282BE3D421DC01C000E5E7AD /* DKVKTests */,
			);
		};
/* End PBXProject section */

/* Begin PBXResourcesBuildPhase section */
		282BE3BF21DC01BE00E5E7AD /* Resources */ = {
			isa = PBXResourcesBuildPhase;
			buildActionMask = 2147483647;
			files = (
				282BE3CF21DC01C000E5E7AD /* LaunchScreen.storyboard in Resources */,
				282BE3F821DC232100E5E7AD /* RegistrationViewController.xib in Resources */,
				282BE3E521DC044100E5E7AD /* ViewController.xib in Resources */,
				28F16A8B21DE52EF00F0AE62 /* SegmenterTableViewCell.xib in Resources */,
				28A1D1D221DD45750036A996 /* UserInfoTableViewCell.xib in Resources */,
				282BE3CC21DC01C000E5E7AD /* Assets.xcassets in Resources */,
				28F16A7B21DE02F500F0AE62 /* GoogleService-Info.plist in Resources */,
				28EA886A21E10B9E00873B62 /* BirdsdayTableViewCell.xib in Resources */,
			);
			runOnlyForDeploymentPostprocessing = 0;
		};
		282BE3D321DC01C000E5E7AD /* Resources */ = {
			isa = PBXResourcesBuildPhase;
			buildActionMask = 2147483647;
			files = (
			);
			runOnlyForDeploymentPostprocessing = 0;
		};
/* End PBXResourcesBuildPhase section */

/* Begin PBXShellScriptBuildPhase section */
		6F6B1E304D03411EFB41A440 /* [CP] Embed Pods Frameworks */ = {
			isa = PBXShellScriptBuildPhase;
			buildActionMask = 2147483647;
			files = (
			);
			inputFileListPaths = (
			);
			inputPaths = (
				"${SRCROOT}/Pods/Target Support Files/Pods-DKVK/Pods-DKVK-frameworks.sh",
				"${BUILT_PRODUCTS_DIR}/GTMSessionFetcher/GTMSessionFetcher.framework",
				"${BUILT_PRODUCTS_DIR}/GoogleUtilities/GoogleUtilities.framework",
				"${BUILT_PRODUCTS_DIR}/leveldb-library/leveldb.framework",
				"${BUILT_PRODUCTS_DIR}/nanopb/nanopb.framework",
			);
			name = "[CP] Embed Pods Frameworks";
			outputFileListPaths = (
			);
			outputPaths = (
				"${TARGET_BUILD_DIR}/${FRAMEWORKS_FOLDER_PATH}/GTMSessionFetcher.framework",
				"${TARGET_BUILD_DIR}/${FRAMEWORKS_FOLDER_PATH}/GoogleUtilities.framework",
				"${TARGET_BUILD_DIR}/${FRAMEWORKS_FOLDER_PATH}/leveldb.framework",
				"${TARGET_BUILD_DIR}/${FRAMEWORKS_FOLDER_PATH}/nanopb.framework",
			);
			runOnlyForDeploymentPostprocessing = 0;
			shellPath = /bin/sh;
			shellScript = "\"${SRCROOT}/Pods/Target Support Files/Pods-DKVK/Pods-DKVK-frameworks.sh\"\n";
			showEnvVarsInLog = 0;
		};
		76588EF3A05484F01205F3E7 /* [CP] Check Pods Manifest.lock */ = {
			isa = PBXShellScriptBuildPhase;
			buildActionMask = 2147483647;
			files = (
			);
			inputFileListPaths = (
			);
			inputPaths = (
				"${PODS_PODFILE_DIR_PATH}/Podfile.lock",
				"${PODS_ROOT}/Manifest.lock",
			);
			name = "[CP] Check Pods Manifest.lock";
			outputFileListPaths = (
			);
			outputPaths = (
				"$(DERIVED_FILE_DIR)/Pods-DKVKTests-checkManifestLockResult.txt",
			);
			runOnlyForDeploymentPostprocessing = 0;
			shellPath = /bin/sh;
			shellScript = "diff \"${PODS_PODFILE_DIR_PATH}/Podfile.lock\" \"${PODS_ROOT}/Manifest.lock\" > /dev/null\nif [ $? != 0 ] ; then\n    # print error to STDERR\n    echo \"error: The sandbox is not in sync with the Podfile.lock. Run 'pod install' or update your CocoaPods installation.\" >&2\n    exit 1\nfi\n# This output is used by Xcode 'outputs' to avoid re-running this script phase.\necho \"SUCCESS\" > \"${SCRIPT_OUTPUT_FILE_0}\"\n";
			showEnvVarsInLog = 0;
		};
		A1351E264BA7D973A19FC7FB /* [CP] Check Pods Manifest.lock */ = {
			isa = PBXShellScriptBuildPhase;
			buildActionMask = 2147483647;
			files = (
			);
			inputFileListPaths = (
			);
			inputPaths = (
				"${PODS_PODFILE_DIR_PATH}/Podfile.lock",
				"${PODS_ROOT}/Manifest.lock",
			);
			name = "[CP] Check Pods Manifest.lock";
			outputFileListPaths = (
			);
			outputPaths = (
				"$(DERIVED_FILE_DIR)/Pods-DKVK-checkManifestLockResult.txt",
			);
			runOnlyForDeploymentPostprocessing = 0;
			shellPath = /bin/sh;
			shellScript = "diff \"${PODS_PODFILE_DIR_PATH}/Podfile.lock\" \"${PODS_ROOT}/Manifest.lock\" > /dev/null\nif [ $? != 0 ] ; then\n    # print error to STDERR\n    echo \"error: The sandbox is not in sync with the Podfile.lock. Run 'pod install' or update your CocoaPods installation.\" >&2\n    exit 1\nfi\n# This output is used by Xcode 'outputs' to avoid re-running this script phase.\necho \"SUCCESS\" > \"${SCRIPT_OUTPUT_FILE_0}\"\n";
			showEnvVarsInLog = 0;
		};
/* End PBXShellScriptBuildPhase section */

/* Begin PBXSourcesBuildPhase section */
		282BE3BD21DC01BE00E5E7AD /* Sources */ = {
			isa = PBXSourcesBuildPhase;
			buildActionMask = 2147483647;
			files = (
				28EA886921E10B9E00873B62 /* BirdsdayTableViewCell.swift in Sources */,
				282BE3C721DC01BE00E5E7AD /* ViewController.swift in Sources */,
				28A1D1D721DD52F20036A996 /* Typealias.swift in Sources */,
				28F16A8521DE4B7900F0AE62 /* HeaderTitleView.swift in Sources */,
				28E05A7121E1DE6000CA4081 /* Utilites.swift in Sources */,
				28E05A6E21E1CD9800CA4081 /* AuthManager.swift in Sources */,
				282BE3EC21DC08FC00E5E7AD /* Router.swift in Sources */,
				28A1D1CD21DD3B8C0036A996 /* Extension+UIView.swift in Sources */,
				28F16A8021DE266500F0AE62 /* MailAndPasswordView.swift in Sources */,
				28A1D1D121DD45750036A996 /* UserInfoTableViewCell.swift in Sources */,
				28EA886C21E1397B00873B62 /* RegistrModel.swift in Sources */,
				28AADF8221DF88F60007F192 /* FactoryMethod.swift in Sources */,
				282BE40221DC273300E5E7AD /* NibLoadable.swift in Sources */,
				28F16A8221DE3EAC00F0AE62 /* CellHeaderProtocol.swift in Sources */,
				28EA887021E13F8400873B62 /* Extension+ViewController.swift in Sources */,
				28EA886E21E139F200873B62 /* SexModel.swift in Sources */,
				282BE3C521DC01BE00E5E7AD /* AppDelegate.swift in Sources */,
				28F16A8A21DE52EF00F0AE62 /* SegmenterTableViewCell.swift in Sources */,
				28A1D1D521DD523C0036A996 /* HeightConteiable.swift in Sources */,
				282BE3FC21DC255300E5E7AD /* PhotoView.swift in Sources */,
				282BE3EE21DC213500E5E7AD /* StartRouter.swift in Sources */,
				282BE3F721DC232100E5E7AD /* RegistrationViewController.swift in Sources */,
			);
			runOnlyForDeploymentPostprocessing = 0;
		};
		282BE3D121DC01C000E5E7AD /* Sources */ = {
			isa = PBXSourcesBuildPhase;
			buildActionMask = 2147483647;
			files = (
				282BE3DA21DC01C000E5E7AD /* DKVKTests.swift in Sources */,
			);
			runOnlyForDeploymentPostprocessing = 0;
		};
/* End PBXSourcesBuildPhase section */

/* Begin PBXTargetDependency section */
		282BE3D721DC01C000E5E7AD /* PBXTargetDependency */ = {
			isa = PBXTargetDependency;
			target = 282BE3C021DC01BE00E5E7AD /* DKVK */;
			targetProxy = 282BE3D621DC01C000E5E7AD /* PBXContainerItemProxy */;
		};
/* End PBXTargetDependency section */

/* Begin PBXVariantGroup section */
		282BE3CD21DC01C000E5E7AD /* LaunchScreen.storyboard */ = {
			isa = PBXVariantGroup;
			children = (
				282BE3CE21DC01C000E5E7AD /* Base */,
			);
			name = LaunchScreen.storyboard;
			sourceTree = "<group>";
		};
/* End PBXVariantGroup section */

/* Begin XCBuildConfiguration section */
		282BE3DC21DC01C000E5E7AD /* Debug */ = {
			isa = XCBuildConfiguration;
			buildSettings = {
				ALWAYS_SEARCH_USER_PATHS = NO;
				CLANG_ANALYZER_NONNULL = YES;
				CLANG_ANALYZER_NUMBER_OBJECT_CONVERSION = YES_AGGRESSIVE;
				CLANG_CXX_LANGUAGE_STANDARD = "gnu++14";
				CLANG_CXX_LIBRARY = "libc++";
				CLANG_ENABLE_MODULES = YES;
				CLANG_ENABLE_OBJC_ARC = YES;
				CLANG_ENABLE_OBJC_WEAK = YES;
				CLANG_WARN_BLOCK_CAPTURE_AUTORELEASING = YES;
				CLANG_WARN_BOOL_CONVERSION = YES;
				CLANG_WARN_COMMA = YES;
				CLANG_WARN_CONSTANT_CONVERSION = YES;
				CLANG_WARN_DEPRECATED_OBJC_IMPLEMENTATIONS = YES;
				CLANG_WARN_DIRECT_OBJC_ISA_USAGE = YES_ERROR;
				CLANG_WARN_DOCUMENTATION_COMMENTS = YES;
				CLANG_WARN_EMPTY_BODY = YES;
				CLANG_WARN_ENUM_CONVERSION = YES;
				CLANG_WARN_INFINITE_RECURSION = YES;
				CLANG_WARN_INT_CONVERSION = YES;
				CLANG_WARN_NON_LITERAL_NULL_CONVERSION = YES;
				CLANG_WARN_OBJC_IMPLICIT_RETAIN_SELF = YES;
				CLANG_WARN_OBJC_LITERAL_CONVERSION = YES;
				CLANG_WARN_OBJC_ROOT_CLASS = YES_ERROR;
				CLANG_WARN_RANGE_LOOP_ANALYSIS = YES;
				CLANG_WARN_STRICT_PROTOTYPES = YES;
				CLANG_WARN_SUSPICIOUS_MOVE = YES;
				CLANG_WARN_UNGUARDED_AVAILABILITY = YES_AGGRESSIVE;
				CLANG_WARN_UNREACHABLE_CODE = YES;
				CLANG_WARN__DUPLICATE_METHOD_MATCH = YES;
				CODE_SIGN_IDENTITY = "iPhone Developer";
				COPY_PHASE_STRIP = NO;
				DEBUG_INFORMATION_FORMAT = dwarf;
				ENABLE_STRICT_OBJC_MSGSEND = YES;
				ENABLE_TESTABILITY = YES;
				GCC_C_LANGUAGE_STANDARD = gnu11;
				GCC_DYNAMIC_NO_PIC = NO;
				GCC_NO_COMMON_BLOCKS = YES;
				GCC_OPTIMIZATION_LEVEL = 0;
				GCC_PREPROCESSOR_DEFINITIONS = (
					"DEBUG=1",
					"$(inherited)",
				);
				GCC_WARN_64_TO_32_BIT_CONVERSION = YES;
				GCC_WARN_ABOUT_RETURN_TYPE = YES_ERROR;
				GCC_WARN_UNDECLARED_SELECTOR = YES;
				GCC_WARN_UNINITIALIZED_AUTOS = YES_AGGRESSIVE;
				GCC_WARN_UNUSED_FUNCTION = YES;
				GCC_WARN_UNUSED_VARIABLE = YES;
				IPHONEOS_DEPLOYMENT_TARGET = 12.1;
				MTL_ENABLE_DEBUG_INFO = INCLUDE_SOURCE;
				MTL_FAST_MATH = YES;
				ONLY_ACTIVE_ARCH = YES;
				SDKROOT = iphoneos;
				SWIFT_ACTIVE_COMPILATION_CONDITIONS = DEBUG;
				SWIFT_OPTIMIZATION_LEVEL = "-Onone";
			};
			name = Debug;
		};
		282BE3DD21DC01C000E5E7AD /* Release */ = {
			isa = XCBuildConfiguration;
			buildSettings = {
				ALWAYS_SEARCH_USER_PATHS = NO;
				CLANG_ANALYZER_NONNULL = YES;
				CLANG_ANALYZER_NUMBER_OBJECT_CONVERSION = YES_AGGRESSIVE;
				CLANG_CXX_LANGUAGE_STANDARD = "gnu++14";
				CLANG_CXX_LIBRARY = "libc++";
				CLANG_ENABLE_MODULES = YES;
				CLANG_ENABLE_OBJC_ARC = YES;
				CLANG_ENABLE_OBJC_WEAK = YES;
				CLANG_WARN_BLOCK_CAPTURE_AUTORELEASING = YES;
				CLANG_WARN_BOOL_CONVERSION = YES;
				CLANG_WARN_COMMA = YES;
				CLANG_WARN_CONSTANT_CONVERSION = YES;
				CLANG_WARN_DEPRECATED_OBJC_IMPLEMENTATIONS = YES;
				CLANG_WARN_DIRECT_OBJC_ISA_USAGE = YES_ERROR;
				CLANG_WARN_DOCUMENTATION_COMMENTS = YES;
				CLANG_WARN_EMPTY_BODY = YES;
				CLANG_WARN_ENUM_CONVERSION = YES;
				CLANG_WARN_INFINITE_RECURSION = YES;
				CLANG_WARN_INT_CONVERSION = YES;
				CLANG_WARN_NON_LITERAL_NULL_CONVERSION = YES;
				CLANG_WARN_OBJC_IMPLICIT_RETAIN_SELF = YES;
				CLANG_WARN_OBJC_LITERAL_CONVERSION = YES;
				CLANG_WARN_OBJC_ROOT_CLASS = YES_ERROR;
				CLANG_WARN_RANGE_LOOP_ANALYSIS = YES;
				CLANG_WARN_STRICT_PROTOTYPES = YES;
				CLANG_WARN_SUSPICIOUS_MOVE = YES;
				CLANG_WARN_UNGUARDED_AVAILABILITY = YES_AGGRESSIVE;
				CLANG_WARN_UNREACHABLE_CODE = YES;
				CLANG_WARN__DUPLICATE_METHOD_MATCH = YES;
				CODE_SIGN_IDENTITY = "iPhone Developer";
				COPY_PHASE_STRIP = NO;
				DEBUG_INFORMATION_FORMAT = "dwarf-with-dsym";
				ENABLE_NS_ASSERTIONS = NO;
				ENABLE_STRICT_OBJC_MSGSEND = YES;
				GCC_C_LANGUAGE_STANDARD = gnu11;
				GCC_NO_COMMON_BLOCKS = YES;
				GCC_WARN_64_TO_32_BIT_CONVERSION = YES;
				GCC_WARN_ABOUT_RETURN_TYPE = YES_ERROR;
				GCC_WARN_UNDECLARED_SELECTOR = YES;
				GCC_WARN_UNINITIALIZED_AUTOS = YES_AGGRESSIVE;
				GCC_WARN_UNUSED_FUNCTION = YES;
				GCC_WARN_UNUSED_VARIABLE = YES;
				IPHONEOS_DEPLOYMENT_TARGET = 12.1;
				MTL_ENABLE_DEBUG_INFO = NO;
				MTL_FAST_MATH = YES;
				SDKROOT = iphoneos;
				SWIFT_COMPILATION_MODE = wholemodule;
				SWIFT_OPTIMIZATION_LEVEL = "-O";
				VALIDATE_PRODUCT = YES;
			};
			name = Release;
		};
		282BE3DF21DC01C000E5E7AD /* Debug */ = {
			isa = XCBuildConfiguration;
			baseConfigurationReference = AE59A0AD94DD1B923B9624E3 /* Pods-DKVK.debug.xcconfig */;
			buildSettings = {
				ASSETCATALOG_COMPILER_APPICON_NAME = AppIcon;
				CODE_SIGN_STYLE = Automatic;
				DEVELOPMENT_TEAM = BBW35UX6RA;
				INFOPLIST_FILE = "$(SRCROOT)/DKVK/Resources/Info.plist";
				LD_RUNPATH_SEARCH_PATHS = (
					"$(inherited)",
					"@executable_path/Frameworks",
				);
				PRODUCT_BUNDLE_IDENTIFIER = rx.DKVK.959732;
				PRODUCT_NAME = "$(TARGET_NAME)";
				SWIFT_VERSION = 4.2;
				TARGETED_DEVICE_FAMILY = "1,2";
			};
			name = Debug;
		};
		282BE3E021DC01C000E5E7AD /* Release */ = {
			isa = XCBuildConfiguration;
			baseConfigurationReference = 4FD0B695D9D62350A1D70C10 /* Pods-DKVK.release.xcconfig */;
			buildSettings = {
				ASSETCATALOG_COMPILER_APPICON_NAME = AppIcon;
				CODE_SIGN_STYLE = Automatic;
				DEVELOPMENT_TEAM = BBW35UX6RA;
				INFOPLIST_FILE = "$(SRCROOT)/DKVK/Resources/Info.plist";
				LD_RUNPATH_SEARCH_PATHS = (
					"$(inherited)",
					"@executable_path/Frameworks",
				);
				PRODUCT_BUNDLE_IDENTIFIER = rx.DKVK.959732;
				PRODUCT_NAME = "$(TARGET_NAME)";
				SWIFT_VERSION = 4.2;
				TARGETED_DEVICE_FAMILY = "1,2";
			};
			name = Release;
		};
		282BE3E221DC01C000E5E7AD /* Debug */ = {
			isa = XCBuildConfiguration;
			baseConfigurationReference = DC0195DC69C5CB67B98C25FA /* Pods-DKVKTests.debug.xcconfig */;
			buildSettings = {
				ALWAYS_EMBED_SWIFT_STANDARD_LIBRARIES = YES;
				BUNDLE_LOADER = "$(TEST_HOST)";
				CODE_SIGN_STYLE = Automatic;
				DEVELOPMENT_TEAM = BBW35UX6RA;
				INFOPLIST_FILE = DKVKTests/Info.plist;
				LD_RUNPATH_SEARCH_PATHS = (
					"$(inherited)",
					"@executable_path/Frameworks",
					"@loader_path/Frameworks",
				);
				PRODUCT_BUNDLE_IDENTIFIER = rx.DKVKTests;
				PRODUCT_NAME = "$(TARGET_NAME)";
				SWIFT_VERSION = 4.2;
				TARGETED_DEVICE_FAMILY = "1,2";
				TEST_HOST = "$(BUILT_PRODUCTS_DIR)/DKVK.app/DKVK";
			};
			name = Debug;
		};
		282BE3E321DC01C000E5E7AD /* Release */ = {
			isa = XCBuildConfiguration;
			baseConfigurationReference = D8B089FF88C777CF406D0561 /* Pods-DKVKTests.release.xcconfig */;
			buildSettings = {
				ALWAYS_EMBED_SWIFT_STANDARD_LIBRARIES = YES;
				BUNDLE_LOADER = "$(TEST_HOST)";
				CODE_SIGN_STYLE = Automatic;
				DEVELOPMENT_TEAM = BBW35UX6RA;
				INFOPLIST_FILE = DKVKTests/Info.plist;
				LD_RUNPATH_SEARCH_PATHS = (
					"$(inherited)",
					"@executable_path/Frameworks",
					"@loader_path/Frameworks",
				);
				PRODUCT_BUNDLE_IDENTIFIER = rx.DKVKTests;
				PRODUCT_NAME = "$(TARGET_NAME)";
				SWIFT_VERSION = 4.2;
				TARGETED_DEVICE_FAMILY = "1,2";
				TEST_HOST = "$(BUILT_PRODUCTS_DIR)/DKVK.app/DKVK";
			};
			name = Release;
		};
/* End XCBuildConfiguration section */

/* Begin XCConfigurationList section */
		282BE3BC21DC01BE00E5E7AD /* Build configuration list for PBXProject "DKVK" */ = {
			isa = XCConfigurationList;
			buildConfigurations = (
				282BE3DC21DC01C000E5E7AD /* Debug */,
				282BE3DD21DC01C000E5E7AD /* Release */,
			);
			defaultConfigurationIsVisible = 0;
			defaultConfigurationName = Release;
		};
		282BE3DE21DC01C000E5E7AD /* Build configuration list for PBXNativeTarget "DKVK" */ = {
			isa = XCConfigurationList;
			buildConfigurations = (
				282BE3DF21DC01C000E5E7AD /* Debug */,
				282BE3E021DC01C000E5E7AD /* Release */,
			);
			defaultConfigurationIsVisible = 0;
			defaultConfigurationName = Release;
		};
		282BE3E121DC01C000E5E7AD /* Build configuration list for PBXNativeTarget "DKVKTests" */ = {
			isa = XCConfigurationList;
			buildConfigurations = (
				282BE3E221DC01C000E5E7AD /* Debug */,
				282BE3E321DC01C000E5E7AD /* Release */,
			);
			defaultConfigurationIsVisible = 0;
			defaultConfigurationName = Release;
		};
/* End XCConfigurationList section */
	};
	rootObject = 282BE3B921DC01BE00E5E7AD /* Project object */;
}
